// !$*UTF8*$!
{
	archiveVersion = 1;
	classes = {
	};
	objectVersion = 77;
	objects = {

/* Begin PBXBuildFile section */
		62802D30A88164D5491E9560 /* StatusFormatter.swift in Sources */ = {isa = PBXBuildFile; fileRef = C954DEA37E9EB4B438764FC3 /* StatusFormatter.swift */; };
		8134265BA298223140972F7C /* StatusFormatterTests.swift in Sources */ = {isa = PBXBuildFile; fileRef = 43E1AFFB32E407F975FE9C2B /* StatusFormatterTests.swift */; };
		9CD4D433D109886E9D9669B2 /* usage-cache.json in Resources */ = {isa = PBXBuildFile; fileRef = D532016F2008A07A222AFA31 /* usage-cache.json */; };
		A1555719B18C5E15FBBEA1BC /* UsageReader.swift in Sources */ = {isa = PBXBuildFile; fileRef = C1513392F374FEDE7D37DDBA /* UsageReader.swift */; };
		C2E501D204ED9C4127044487 /* main.swift in Sources */ = {isa = PBXBuildFile; fileRef = DEAA5B692B6198EE947E7BFE /* main.swift */; };
		C6F22015C08535C80BD50863 /* AppDelegate.swift in Sources */ = {isa = PBXBuildFile; fileRef = BC5B5A25EA2CB5B938912BFE /* AppDelegate.swift */; };
		D4D8C88A5066DA862671710B /* UsageSnapshot.swift in Sources */ = {isa = PBXBuildFile; fileRef = 281CEB065F37853DC2CF408F /* UsageSnapshot.swift */; };
		F68FF68BD0301D178260915A /* claude_barTests.swift in Sources */ = {isa = PBXBuildFile; fileRef = 78321440DECD69BE532CD672 /* claude_barTests.swift */; };
		FE3112A080D9AF692E775F0B /* UsageReaderTests.swift in Sources */ = {isa = PBXBuildFile; fileRef = B11B7369B8816A7296DB6411 /* UsageReaderTests.swift */; };
/* End PBXBuildFile section */

/* Begin PBXContainerItemProxy section */
		D05F9B9B0DA1AE03681C85CF /* PBXContainerItemProxy */ = {
			isa = PBXContainerItemProxy;
			containerPortal = 71A2070A3896023308B2F8E2 /* Project object */;
			proxyType = 1;
			remoteGlobalIDString = FDE57F0B35B9D0B4B259D632;
			remoteInfo = "claude-bar";
		};
/* End PBXContainerItemProxy section */

/* Begin PBXFileReference section */
		1768AFB7565353262E5ECA40 /* claude-barTests.xctest */ = {isa = PBXFileReference; explicitFileType = wrapper.cfbundle; includeInIndex = 0; path = "claude-barTests.xctest"; sourceTree = BUILT_PRODUCTS_DIR; };
		281CEB065F37853DC2CF408F /* UsageSnapshot.swift */ = {isa = PBXFileReference; lastKnownFileType = sourcecode.swift; path = UsageSnapshot.swift; sourceTree = "<group>"; };
		43E1AFFB32E407F975FE9C2B /* StatusFormatterTests.swift */ = {isa = PBXFileReference; lastKnownFileType = sourcecode.swift; path = StatusFormatterTests.swift; sourceTree = "<group>"; };
		78321440DECD69BE532CD672 /* claude_barTests.swift */ = {isa = PBXFileReference; lastKnownFileType = sourcecode.swift; path = claude_barTests.swift; sourceTree = "<group>"; };
		B11B7369B8816A7296DB6411 /* UsageReaderTests.swift */ = {isa = PBXFileReference; lastKnownFileType = sourcecode.swift; path = UsageReaderTests.swift; sourceTree = "<group>"; };
		BC5B5A25EA2CB5B938912BFE /* AppDelegate.swift */ = {isa = PBXFileReference; lastKnownFileType = sourcecode.swift; path = AppDelegate.swift; sourceTree = "<group>"; };
		C1513392F374FEDE7D37DDBA /* UsageReader.swift */ = {isa = PBXFileReference; lastKnownFileType = sourcecode.swift; path = UsageReader.swift; sourceTree = "<group>"; };
		C954DEA37E9EB4B438764FC3 /* StatusFormatter.swift */ = {isa = PBXFileReference; lastKnownFileType = sourcecode.swift; path = StatusFormatter.swift; sourceTree = "<group>"; };
		C9DA7ECED234A1C5C77403BC /* .gitkeep */ = {isa = PBXFileReference; path = .gitkeep; sourceTree = "<group>"; };
		D532016F2008A07A222AFA31 /* usage-cache.json */ = {isa = PBXFileReference; lastKnownFileType = text.json; path = "usage-cache.json"; sourceTree = "<group>"; };
		DA3323E8074CEADEBD3C784E /* claude-bar.app */ = {isa = PBXFileReference; explicitFileType = wrapper.application; includeInIndex = 0; path = "claude-bar.app"; sourceTree = BUILT_PRODUCTS_DIR; };
		DEAA5B692B6198EE947E7BFE /* main.swift */ = {isa = PBXFileReference; lastKnownFileType = sourcecode.swift; path = main.swift; sourceTree = "<group>"; };
		EB1A991209E4AD4D158007B3 /* Info.plist */ = {isa = PBXFileReference; lastKnownFileType = text.plist; path = Info.plist; sourceTree = "<group>"; };
/* End PBXFileReference section */

/* Begin PBXGroup section */
		1AA81930C990102417BCA86F /* Fixtures */ = {
			isa = PBXGroup;
			children = (
				C9DA7ECED234A1C5C77403BC /* .gitkeep */,
				D532016F2008A07A222AFA31 /* usage-cache.json */,
			);
			path = Fixtures;
			sourceTree = "<group>";
		};
		2A94BA7A26E2F8FCF57BDFEA = {
			isa = PBXGroup;
			children = (
				40140CFEC49B602024F2F6CB /* claude-bar */,
				76382ED334EBD6461FF13BA0 /* claude-barTests */,
				7CFEA954C9D6E98133499995 /* Products */,
			);
			sourceTree = "<group>";
		};
		40140CFEC49B602024F2F6CB /* claude-bar */ = {
			isa = PBXGroup;
			children = (
				BC5B5A25EA2CB5B938912BFE /* AppDelegate.swift */,
				EB1A991209E4AD4D158007B3 /* Info.plist */,
				DEAA5B692B6198EE947E7BFE /* main.swift */,
				C954DEA37E9EB4B438764FC3 /* StatusFormatter.swift */,
				C1513392F374FEDE7D37DDBA /* UsageReader.swift */,
				281CEB065F37853DC2CF408F /* UsageSnapshot.swift */,
			);
			name = "claude-bar";
			path = "Sources/claude-bar";
			sourceTree = "<group>";
		};
		76382ED334EBD6461FF13BA0 /* claude-barTests */ = {
			isa = PBXGroup;
			children = (
				78321440DECD69BE532CD672 /* claude_barTests.swift */,
				43E1AFFB32E407F975FE9C2B /* StatusFormatterTests.swift */,
				B11B7369B8816A7296DB6411 /* UsageReaderTests.swift */,
				1AA81930C990102417BCA86F /* Fixtures */,
			);
			name = "claude-barTests";
			path = "Tests/claude-barTests";
			sourceTree = "<group>";
		};
		7CFEA954C9D6E98133499995 /* Products */ = {
			isa = PBXGroup;
			children = (
				DA3323E8074CEADEBD3C784E /* claude-bar.app */,
				1768AFB7565353262E5ECA40 /* claude-barTests.xctest */,
			);
			name = Products;
			sourceTree = "<group>";
		};
/* End PBXGroup section */

/* Begin PBXNativeTarget section */
		8E3B1BCB1AC7F0F12C24D520 /* claude-barTests */ = {
			isa = PBXNativeTarget;
			buildConfigurationList = F8714D53B9F05AFE17F588DF /* Build configuration list for PBXNativeTarget "claude-barTests" */;
			buildPhases = (
				F2D12BF1EB07353D1DD6BF7D /* Sources */,
				D99D56285B8C8381AAE484E8 /* Resources */,
			);
			buildRules = (
			);
			dependencies = (
				B5B241B12FDE6FB02950CFBC /* PBXTargetDependency */,
			);
			name = "claude-barTests";
			packageProductDependencies = (
			);
			productName = "claude-barTests";
			productReference = 1768AFB7565353262E5ECA40 /* claude-barTests.xctest */;
			productType = "com.apple.product-type.bundle.unit-test";
		};
		FDE57F0B35B9D0B4B259D632 /* claude-bar */ = {
			isa = PBXNativeTarget;
			buildConfigurationList = 344FD1B7AE392BA8BE21173E /* Build configuration list for PBXNativeTarget "claude-bar" */;
			buildPhases = (
				8BD171C65EEC285ED80322F5 /* Sources */,
			);
			buildRules = (
			);
			dependencies = (
			);
			name = "claude-bar";
			packageProductDependencies = (
			);
			productName = "claude-bar";
			productReference = DA3323E8074CEADEBD3C784E /* claude-bar.app */;
			productType = "com.apple.product-type.application";
		};
/* End PBXNativeTarget section */

/* Begin PBXProject section */
		71A2070A3896023308B2F8E2 /* Project object */ = {
			isa = PBXProject;
			attributes = {
				BuildIndependentTargetsInParallel = YES;
				LastUpgradeCheck = 1430;
				TargetAttributes = {
					FDE57F0B35B9D0B4B259D632 = {
						ProvisioningStyle = Automatic;
					};
				};
			};
			buildConfigurationList = FCE0333F4300E04B96791C97 /* Build configuration list for PBXProject "claude-bar" */;
			developmentRegion = en;
			hasScannedForEncodings = 0;
			knownRegions = (
				Base,
				en,
			);
			mainGroup = 2A94BA7A26E2F8FCF57BDFEA;
			minimizedProjectReferenceProxies = 1;
			preferredProjectObjectVersion = 77;
			productRefGroup = 7CFEA954C9D6E98133499995 /* Products */;
			projectDirPath = "";
			projectRoot = "";
			targets = (
				FDE57F0B35B9D0B4B259D632 /* claude-bar */,
				8E3B1BCB1AC7F0F12C24D520 /* claude-barTests */,
			);
		};
/* End PBXProject section */

/* Begin PBXResourcesBuildPhase section */
		D99D56285B8C8381AAE484E8 /* Resources */ = {
			isa = PBXResourcesBuildPhase;
			buildActionMask = 2147483647;
			files = (
				9CD4D433D109886E9D9669B2 /* usage-cache.json in Resources */,
			);
			runOnlyForDeploymentPostprocessing = 0;
		};
/* End PBXResourcesBuildPhase section */

/* Begin PBXSourcesBuildPhase section */
		8BD171C65EEC285ED80322F5 /* Sources */ = {
			isa = PBXSourcesBuildPhase;
			buildActionMask = 2147483647;
			files = (
				C6F22015C08535C80BD50863 /* AppDelegate.swift in Sources */,
				62802D30A88164D5491E9560 /* StatusFormatter.swift in Sources */,
				A1555719B18C5E15FBBEA1BC /* UsageReader.swift in Sources */,
				D4D8C88A5066DA862671710B /* UsageSnapshot.swift in Sources */,
				C2E501D204ED9C4127044487 /* main.swift in Sources */,
			);
			runOnlyForDeploymentPostprocessing = 0;
		};
		F2D12BF1EB07353D1DD6BF7D /* Sources */ = {
			isa = PBXSourcesBuildPhase;
			buildActionMask = 2147483647;
			files = (
				8134265BA298223140972F7C /* StatusFormatterTests.swift in Sources */,
				FE3112A080D9AF692E775F0B /* UsageReaderTests.swift in Sources */,
				F68FF68BD0301D178260915A /* claude_barTests.swift in Sources */,
			);
			runOnlyForDeploymentPostprocessing = 0;
		};
/* End PBXSourcesBuildPhase section */

/* Begin PBXTargetDependency section */
		B5B241B12FDE6FB02950CFBC /* PBXTargetDependency */ = {
			isa = PBXTargetDependency;
			target = FDE57F0B35B9D0B4B259D632 /* claude-bar */;
			targetProxy = D05F9B9B0DA1AE03681C85CF /* PBXContainerItemProxy */;
		};
/* End PBXTargetDependency section */

/* Begin XCBuildConfiguration section */
		08A0019F776658FE8DD761B4 /* Release */ = {
			isa = XCBuildConfiguration;
			buildSettings = {
				ALWAYS_SEARCH_USER_PATHS = NO;
				CLANG_ANALYZER_NONNULL = YES;
				CLANG_ANALYZER_NUMBER_OBJECT_CONVERSION = YES_AGGRESSIVE;
				CLANG_CXX_LANGUAGE_STANDARD = "gnu++14";
				CLANG_CXX_LIBRARY = "libc++";
				CLANG_ENABLE_MODULES = YES;
				CLANG_ENABLE_OBJC_ARC = YES;
				CLANG_ENABLE_OBJC_WEAK = YES;
				CLANG_WARN_BLOCK_CAPTURE_AUTORELEASING = YES;
				CLANG_WARN_BOOL_CONVERSION = YES;
				CLANG_WARN_COMMA = YES;
				CLANG_WARN_CONSTANT_CONVERSION = YES;
				CLANG_WARN_DEPRECATED_OBJC_IMPLEMENTATIONS = YES;
				CLANG_WARN_DIRECT_OBJC_ISA_USAGE = YES_ERROR;
				CLANG_WARN_DOCUMENTATION_COMMENTS = YES;
				CLANG_WARN_EMPTY_BODY = YES;
				CLANG_WARN_ENUM_CONVERSION = YES;
				CLANG_WARN_INFINITE_RECURSION = YES;
				CLANG_WARN_INT_CONVERSION = YES;
				CLANG_WARN_NON_LITERAL_NULL_CONVERSION = YES;
				CLANG_WARN_OBJC_IMPLICIT_RETAIN_SELF = YES;
				CLANG_WARN_OBJC_LITERAL_CONVERSION = YES;
				CLANG_WARN_OBJC_ROOT_CLASS = YES_ERROR;
				CLANG_WARN_QUOTED_INCLUDE_IN_FRAMEWORK_HEADER = YES;
				CLANG_WARN_RANGE_LOOP_ANALYSIS = YES;
				CLANG_WARN_STRICT_PROTOTYPES = YES;
				CLANG_WARN_SUSPICIOUS_MOVE = YES;
				CLANG_WARN_UNGUARDED_AVAILABILITY = YES_AGGRESSIVE;
				CLANG_WARN_UNREACHABLE_CODE = YES;
				CLANG_WARN__DUPLICATE_METHOD_MATCH = YES;
				COPY_PHASE_STRIP = NO;
				DEBUG_INFORMATION_FORMAT = "dwarf-with-dsym";
				ENABLE_NS_ASSERTIONS = NO;
				ENABLE_STRICT_OBJC_MSGSEND = YES;
				GCC_C_LANGUAGE_STANDARD = gnu11;
				GCC_NO_COMMON_BLOCKS = YES;
				GCC_WARN_64_TO_32_BIT_CONVERSION = YES;
				GCC_WARN_ABOUT_RETURN_TYPE = YES_ERROR;
				GCC_WARN_UNDECLARED_SELECTOR = YES;
				GCC_WARN_UNINITIALIZED_AUTOS = YES_AGGRESSIVE;
				GCC_WARN_UNUSED_FUNCTION = YES;
				GCC_WARN_UNUSED_VARIABLE = YES;
				MACOSX_DEPLOYMENT_TARGET = 13.0;
				MTL_ENABLE_DEBUG_INFO = NO;
				MTL_FAST_MATH = YES;
				PRODUCT_NAME = "$(TARGET_NAME)";
				SDKROOT = macosx;
				SWIFT_COMPILATION_MODE = wholemodule;
				SWIFT_OPTIMIZATION_LEVEL = "-O";
				SWIFT_VERSION = 5.0;
			};
			name = Release;
		};
		124C59D47E7C84214A53C1B0 /* Release */ = {
			isa = XCBuildConfiguration;
			buildSettings = {
				ASSETCATALOG_COMPILER_APPICON_NAME = AppIcon;
				CODE_SIGN_STYLE = Automatic;
				COMBINE_HIDPI_IMAGES = YES;
				ENABLE_HARDENED_RUNTIME = YES;
				INFOPLIST_FILE = "Sources/claude-bar/Info.plist";
				LD_RUNPATH_SEARCH_PATHS = (
					"$(inherited)",
					"@executable_path/../Frameworks",
				);
				MACOSX_DEPLOYMENT_TARGET = 13.0;
				PRODUCT_BUNDLE_IDENTIFIER = "com.aderiushev.claude-bar";
				SDKROOT = macosx;
				SWIFT_VERSION = 6.0;
			};
			name = Release;
		};
		37194C37DB7E22CF40DDBF23 /* Debug */ = {
			isa = XCBuildConfiguration;
			buildSettings = {
				ASSETCATALOG_COMPILER_APPICON_NAME = AppIcon;
				CODE_SIGN_STYLE = Automatic;
				COMBINE_HIDPI_IMAGES = YES;
				ENABLE_HARDENED_RUNTIME = YES;
				INFOPLIST_FILE = "Sources/claude-bar/Info.plist";
				LD_RUNPATH_SEARCH_PATHS = (
					"$(inherited)",
					"@executable_path/../Frameworks",
				);
				MACOSX_DEPLOYMENT_TARGET = 13.0;
				PRODUCT_BUNDLE_IDENTIFIER = "com.aderiushev.claude-bar";
				SDKROOT = macosx;
				SWIFT_VERSION = 6.0;
			};
			name = Debug;
		};
		5A37E2E02EC28BA0AB1A5B84 /* Release */ = {
			isa = XCBuildConfiguration;
			buildSettings = {
				BUNDLE_LOADER = "$(TEST_HOST)";
				COMBINE_HIDPI_IMAGES = YES;
				GENERATE_INFOPLIST_FILE = YES;
				LD_RUNPATH_SEARCH_PATHS = (
					"$(inherited)",
					"@executable_path/../Frameworks",
					"@loader_path/../Frameworks",
				);
				PRODUCT_BUNDLE_IDENTIFIER = "com.aderiushev.claude-barTests";
				SDKROOT = macosx;
				SWIFT_VERSION = 6.0;
				TEST_HOST = "$(BUILT_PRODUCTS_DIR)/claude-bar.app/Contents/MacOS/claude-bar";
			};
			name = Release;
		};
		AC8CE503F96F24F1176AE551 /* Debug */ = {
			isa = XCBuildConfiguration;
			buildSettings = {
				ALWAYS_SEARCH_USER_PATHS = NO;
				CLANG_ANALYZER_NONNULL = YES;
				CLANG_ANALYZER_NUMBER_OBJECT_CONVERSION = YES_AGGRESSIVE;
				CLANG_CXX_LANGUAGE_STANDARD = "gnu++14";
				CLANG_CXX_LIBRARY = "libc++";
				CLANG_ENABLE_MODULES = YES;
				CLANG_ENABLE_OBJC_ARC = YES;
				CLANG_ENABLE_OBJC_WEAK = YES;
				CLANG_WARN_BLOCK_CAPTURE_AUTORELEASING = YES;
				CLANG_WARN_BOOL_CONVERSION = YES;
				CLANG_WARN_COMMA = YES;
				CLANG_WARN_CONSTANT_CONVERSION = YES;
				CLANG_WARN_DEPRECATED_OBJC_IMPLEMENTATIONS = YES;
				CLANG_WARN_DIRECT_OBJC_ISA_USAGE = YES_ERROR;
				CLANG_WARN_DOCUMENTATION_COMMENTS = YES;
				CLANG_WARN_EMPTY_BODY = YES;
				CLANG_WARN_ENUM_CONVERSION = YES;
				CLANG_WARN_INFINITE_RECURSION = YES;
				CLANG_WARN_INT_CONVERSION = YES;
				CLANG_WARN_NON_LITERAL_NULL_CONVERSION = YES;
				CLANG_WARN_OBJC_IMPLICIT_RETAIN_SELF = YES;
				CLANG_WARN_OBJC_LITERAL_CONVERSION = YES;
				CLANG_WARN_OBJC_ROOT_CLASS = YES_ERROR;
				CLANG_WARN_QUOTED_INCLUDE_IN_FRAMEWORK_HEADER = YES;
				CLANG_WARN_RANGE_LOOP_ANALYSIS = YES;
				CLANG_WARN_STRICT_PROTOTYPES = YES;
				CLANG_WARN_SUSPICIOUS_MOVE = YES;
				CLANG_WARN_UNGUARDED_AVAILABILITY = YES_AGGRESSIVE;
				CLANG_WARN_UNREACHABLE_CODE = YES;
				CLANG_WARN__DUPLICATE_METHOD_MATCH = YES;
				COPY_PHASE_STRIP = NO;
				DEBUG_INFORMATION_FORMAT = dwarf;
				ENABLE_STRICT_OBJC_MSGSEND = YES;
				ENABLE_TESTABILITY = YES;
				GCC_C_LANGUAGE_STANDARD = gnu11;
				GCC_DYNAMIC_NO_PIC = NO;
				GCC_NO_COMMON_BLOCKS = YES;
				GCC_OPTIMIZATION_LEVEL = 0;
				GCC_PREPROCESSOR_DEFINITIONS = (
					"$(inherited)",
					"DEBUG=1",
				);
				GCC_WARN_64_TO_32_BIT_CONVERSION = YES;
				GCC_WARN_ABOUT_RETURN_TYPE = YES_ERROR;
				GCC_WARN_UNDECLARED_SELECTOR = YES;
				GCC_WARN_UNINITIALIZED_AUTOS = YES_AGGRESSIVE;
				GCC_WARN_UNUSED_FUNCTION = YES;
				GCC_WARN_UNUSED_VARIABLE = YES;
				MACOSX_DEPLOYMENT_TARGET = 13.0;
				MTL_ENABLE_DEBUG_INFO = INCLUDE_SOURCE;
				MTL_FAST_MATH = YES;
				ONLY_ACTIVE_ARCH = YES;
				PRODUCT_NAME = "$(TARGET_NAME)";
				SDKROOT = macosx;
				SWIFT_ACTIVE_COMPILATION_CONDITIONS = DEBUG;
				SWIFT_OPTIMIZATION_LEVEL = "-Onone";
				SWIFT_VERSION = 5.0;
			};
			name = Debug;
		};
		AE9B90D5A8E4C78FF2E9A55C /* Debug */ = {
			isa = XCBuildConfiguration;
			buildSettings = {
				BUNDLE_LOADER = "$(TEST_HOST)";
				COMBINE_HIDPI_IMAGES = YES;
				GENERATE_INFOPLIST_FILE = YES;
				LD_RUNPATH_SEARCH_PATHS = (
					"$(inherited)",
					"@executable_path/../Frameworks",
					"@loader_path/../Frameworks",
				);
				PRODUCT_BUNDLE_IDENTIFIER = "com.aderiushev.claude-barTests";
				SDKROOT = macosx;
				SWIFT_VERSION = 6.0;
				TEST_HOST = "$(BUILT_PRODUCTS_DIR)/claude-bar.app/Contents/MacOS/claude-bar";
			};
			name = Debug;
		};
/* End XCBuildConfiguration section */

/* Begin XCConfigurationList section */
		344FD1B7AE392BA8BE21173E /* Build configuration list for PBXNativeTarget "claude-bar" */ = {
			isa = XCConfigurationList;
			buildConfigurations = (
				37194C37DB7E22CF40DDBF23 /* Debug */,
				124C59D47E7C84214A53C1B0 /* Release */,
			);
			defaultConfigurationIsVisible = 0;
			defaultConfigurationName = Debug;
		};
		F8714D53B9F05AFE17F588DF /* Build configuration list for PBXNativeTarget "claude-barTests" */ = {
			isa = XCConfigurationList;
			buildConfigurations = (
				AE9B90D5A8E4C78FF2E9A55C /* Debug */,
				5A37E2E02EC28BA0AB1A5B84 /* Release */,
			);
			defaultConfigurationIsVisible = 0;
			defaultConfigurationName = Debug;
		};
		FCE0333F4300E04B96791C97 /* Build configuration list for PBXProject "claude-bar" */ = {
			isa = XCConfigurationList;
			buildConfigurations = (
				AC8CE503F96F24F1176AE551 /* Debug */,
				08A0019F776658FE8DD761B4 /* Release */,
			);
			defaultConfigurationIsVisible = 0;
			defaultConfigurationName = Debug;
		};
/* End XCConfigurationList section */
	};
	rootObject = 71A2070A3896023308B2F8E2 /* Project object */;
}
